#MicroXplorer Configuration settings - do not modify
Mcu.Family=STM32WB
ProjectManager.MainLocation=Core/Src
RCC.USART1Freq_Value=32000000
RCC.CortexFreq_Value=32000000
Dma.ADC1.1.MemDataAlignment=DMA_MDATAALIGN_HALFWORD
ProjectManager.KeepUserCode=true
Mcu.UserName=STM32WB30CEUxA
RF1.Signal=RF_RF1
Dma.USART1_TX.0.RequestNumber=1
RCC.RFWKPFreq_Value=32768
Dma.USART1_TX.0.SignalID=NONE
Dma.ADC1.1.SyncEnable=DISABLE
ADC1.OffsetNumber-4\#ChannelRegularConversion=ADC_OFFSET_NONE
PA0.GPIO_Label=ADC1
ProjectManager.functionlistsort=1-MX_GPIO_Init-GPIO-false-HAL-true,2-MX_DMA_Init-DMA-false-HAL-true,3-SystemClock_Config-RCC-false-HAL-false,4-MX_IPCC_Init-IPCC-false-HAL-true,5-MX_RF_Init-RF-false-HAL-true,6-MX_RTC_Init-RTC-false-HAL-true,7-MX_USART1_UART_Init-USART1-false-HAL-true,8-APPE_Init-STM32_WPAN-false-HAL-false,9-MX_TIM2_Init-TIM2-false-HAL-true,10-MX_ADC1_Init-ADC1-false-HAL-true,0-MX_HSEM_Init-HSEM-false-HAL-true
PA9.GPIOParameters=GPIO_Label
VP_RTC_VS_RTC_Activate.Mode=RTC_Enabled
RCC.RTCFreq_Value=32768
PA3.GPIOParameters=GPIO_Label
PB0.GPIO_Label=LED1
USART1.IPParameters=VirtualMode-Asynchronous
PA2.GPIOParameters=GPIO_Label
PinOutPanel.RotationAngle=0
VP_SEQUENCER_VS_SEQUENCER.Signal=SEQUENCER_VS_SEQUENCER
RCC.MCO1PinFreq_Value=32000000
RCC.SYSCLKSource=RCC_SYSCLKSOURCE_HSE
ProjectManager.StackSize=0x400
RCC.LPTIM1Freq_Value=32000000
Mcu.IP4=NVIC
Mcu.IP5=RCC
RCC.FCLKCortexFreq_Value=32000000
Mcu.IP2=HSEM
NVIC.SVCall_IRQn=true\:0\:0\:false\:false\:true\:false\:false
Mcu.IP3=IPCC
Mcu.IP0=ADC1
Mcu.IP1=DMA
Dma.USART1_TX.0.Priority=DMA_PRIORITY_LOW
Mcu.UserConstants=
Dma.USART1_TX.0.Direction=DMA_MEMORY_TO_PERIPH
Dma.USART1_TX.0.SyncPolarity=HAL_DMAMUX_SYNC_NO_EVENT
ADC1.Channel-5\#ChannelRegularConversion=ADC_CHANNEL_10
Dma.ADC1.1.Instance=DMA1_Channel2
Dma.ADC1.1.SyncPolarity=HAL_DMAMUX_SYNC_NO_EVENT
Mcu.ThirdPartyNb=0
ADC1.Channel-3\#ChannelRegularConversion=ADC_CHANNEL_8
RCC.HCLKFreq_Value=32000000
Mcu.IPNb=14
STM32_WPAN.LOCAL_NAME=PWRON1
TIM2.IPParameters=Prescaler,Period,AutoReloadPreload
ProjectManager.PreviousToolchain=
RCC.APB2TimFreq_Value=32000000
PCC.Ble.PowerLevel=Min
PB6.Signal=USART1_TX
ADC1.Channel-2\#ChannelRegularConversion=ADC_CHANNEL_7
Dma.ADC1.1.PeriphDataAlignment=DMA_PDATAALIGN_HALFWORD
PB6.Mode=Asynchronous
SH.ADCx_IN7.ConfNb=1
PA8.GPIOParameters=GPIO_Label
Mcu.Pin6=PA2
Mcu.Pin7=PA3
VP_TIM2_VS_ClockSourceINT.Signal=TIM2_VS_ClockSourceINT
Mcu.Pin8=PA4
Mcu.Pin9=PA5
OSC_OUT.Mode=HSE-External-Oscillator
OSC_OUT.Signal=RCC_OSC_OUT
RCC.AHBFreq_Value=32000000
Mcu.Pin0=PC14-OSC32_IN
Mcu.Pin1=PC15-OSC32_OUT
GPIO.groupedBy=Group By Peripherals
Mcu.Pin2=PB8
Mcu.Pin3=PB9
Mcu.Pin4=PA0
Mcu.Pin5=PA1
ADC1.Channel-0\#ChannelRegularConversion=ADC_CHANNEL_5
ProjectManager.ProjectBuild=false
RCC.HSE_VALUE=32000000
NVIC.UsageFault_IRQn=true\:0\:0\:false\:false\:true\:false\:false
NVIC.IPCC_C1_RX_IRQn=true\:0\:0\:false\:false\:true\:true\:true
NVIC.DebugMonitor_IRQn=true\:0\:0\:false\:false\:true\:false\:false
PB2.Signal=GPIO_Analog
PA8.Locked=true
Mcu.IP10=SYS
NVIC.SysTick_IRQn=true\:0\:0\:false\:false\:true\:false\:true
RCC.RTCClockSelection=RCC_RTCCLKSOURCE_LSE
Mcu.IP12=TINY_LPM
Mcu.IP11=TIM2
ProjectManager.FirmwarePackage=STM32Cube FW_WB V1.11.1
ADC1.SamplingTime-4\#ChannelRegularConversion=ADC_SAMPLETIME_24CYCLES_5
MxDb.Version=DB.6.0.21
PB0.GPIOParameters=GPIO_Label
ADC1.Rank-2\#ChannelRegularConversion=3
PA1.GPIOParameters=GPIO_Label
Mcu.IP13=USART1
ProjectManager.BackupPrevious=false
PC14-OSC32_IN.Mode=LSE-External-Oscillator
RCC.VCOInputFreq_Value=32000000
Dma.ADC1.1.RequestParameters=Instance,Direction,PeriphInc,MemInc,PeriphDataAlignment,MemDataAlignment,Mode,Priority,SignalID,Polarity,RequestNumber,SyncSignalID,SyncPolarity,SyncEnable,EventEnable,SyncRequestNumber
PA14.Mode=Serial_Wire
PB1.GPIO_Label=LED2
NVIC.TIM2_IRQn=true\:0\:0\:false\:false\:true\:true\:true
File.Version=6
Dma.ADC1.1.Priority=DMA_PRIORITY_LOW
SH.ADCx_IN8.0=ADC1_IN8,IN8-Single-Ended
Dma.USART1_TX.0.SyncRequestNumber=1
PB7.Signal=USART1_RX
Dma.ADC1.1.Mode=DMA_CIRCULAR
PB8.Locked=true
PA8.Signal=GPIO_Analog
RCC.PLLRCLKFreq_Value=128000000
PB6.Locked=true
NVIC.PendSV_IRQn=true\:0\:0\:false\:false\:true\:false\:false
SH.ADCx_IN6.ConfNb=1
Dma.USART1_TX.0.PeriphDataAlignment=DMA_PDATAALIGN_BYTE
Dma.RequestsNb=2
PB6.GPIOParameters=GPIO_FM6,GPIO_Speed,GPIO_PuPd
ProjectManager.HalAssertFull=false
PB0.Locked=true
ADC1.SamplingTime-0\#ChannelRegularConversion=ADC_SAMPLETIME_24CYCLES_5
ProjectManager.ProjectName=BLE_TouchDetect_WB30
PA0.Signal=ADCx_IN5
STM32_WPAN.CFG_USE_SMPS=0
RCC.APB3Freq_Value=16000000
ADC1.OffsetNumber-5\#ChannelRegularConversion=ADC_OFFSET_NONE
NVIC.HSEM_IRQn=true\:0\:0\:false\:false\:true\:false\:true
Mcu.Package=UFQFPN48
PB9.Signal=GPIO_Analog
TIM2.Prescaler=3199
PB1.Signal=GPIO_Output
PA6.Signal=GPIO_Analog
PA7.Locked=true
Dma.ADC1.1.Direction=DMA_PERIPH_TO_MEMORY
PB6.GPIO_FM6=__NULL
ProjectManager.ToolChainLocation=
PA2.GPIO_Label=ADC3
RCC.LSI_VALUE=32000
VP_SYS_VS_Systick.Signal=SYS_VS_Systick
Dma.ADC1.1.MemInc=DMA_MINC_ENABLE
RCC.LSCOPinFreq_Value=32000
ADC1.OffsetNumber-1\#ChannelRegularConversion=ADC_OFFSET_NONE
Dma.USART1_TX.0.Instance=DMA1_Channel1
PA5.GPIOParameters=GPIO_Label
SH.ADCx_IN9.0=ADC1_IN9,IN9-Single-Ended
VP_STM32_WPAN_VS_BLE_HOST.Signal=STM32_WPAN_VS_BLE_HOST
VP_TINY_LPM_VS_TINY_LPM.Mode=TINY_LPM_Enabled
VP_HSEM_VS_HSEM.Mode=HSEM_Activate
RCC.PLLPoutputFreq_Value=128000000
Dma.Request1=ADC1
RCC.APB1TimFreq_Value=32000000
Dma.USART1_TX.0.EventEnable=DISABLE
NVIC.BusFault_IRQn=true\:0\:0\:false\:false\:true\:false\:false
SH.ADCx_IN9.ConfNb=1
NVIC.USART1_IRQn=true\:0\:0\:false\:false\:true\:true\:true
Dma.Request0=USART1_TX
PA4.GPIO_Label=ADC5
ProjectManager.CustomerFirmwarePackage=
RCC.MSIClockRange=RCC_MSIRANGE_10
RCC.HSI48_VALUE=48000000
ADC1.Rank-4\#ChannelRegularConversion=5
Dma.ADC1.1.SignalID=NONE
PA3.Signal=ADCx_IN8
PB7.GPIO_Speed=GPIO_SPEED_FREQ_VERY_HIGH
VP_RTC_VS_RTC_Activate.Signal=RTC_VS_RTC_Activate
PB7.GPIO_PuPd=GPIO_PULLUP
Dma.USART1_TX.0.SyncSignalID=NONE
PCC.Ble.Mode=NOT_SELECTED
PC15-OSC32_OUT.Mode=LSE-External-Oscillator
RCC.PLLQoutputFreq_Value=128000000
ProjectManager.ProjectFileName=BLE_TouchDetect_WB30.ioc
PB8.GPIOParameters=GPIO_Label
ADC1.Rank-0\#ChannelRegularConversion=1
Dma.USART1_TX.0.MemInc=DMA_MINC_ENABLE
PB9.GPIO_Label=GPIO5
ADC1.Channel-4\#ChannelRegularConversion=ADC_CHANNEL_9
Dma.USART1_TX.0.PeriphInc=DMA_PINC_DISABLE
VP_STM32_WPAN_VS_BLE_HOST.Mode=STM32_WPAN_Enabled
Mcu.PinsNb=32
ProjectManager.NoMain=false
SH.ADCx_IN6.0=ADC1_IN6,IN6-Single-Ended
Dma.ADC1.1.SyncSignalID=NONE
ADC1.IPParameters=Rank-0\#ChannelRegularConversion,Channel-0\#ChannelRegularConversion,SamplingTime-0\#ChannelRegularConversion,OffsetNumber-0\#ChannelRegularConversion,NbrOfConversionFlag,Rank-1\#ChannelRegularConversion,Channel-1\#ChannelRegularConversion,SamplingTime-1\#ChannelRegularConversion,OffsetNumber-1\#ChannelRegularConversion,Rank-2\#ChannelRegularConversion,Channel-2\#ChannelRegularConversion,SamplingTime-2\#ChannelRegularConversion,OffsetNumber-2\#ChannelRegularConversion,Rank-3\#ChannelRegularConversion,Channel-3\#ChannelRegularConversion,SamplingTime-3\#ChannelRegularConversion,OffsetNumber-3\#ChannelRegularConversion,Rank-4\#ChannelRegularConversion,Channel-4\#ChannelRegularConversion,SamplingTime-4\#ChannelRegularConversion,OffsetNumber-4\#ChannelRegularConversion,Rank-5\#ChannelRegularConversion,Channel-5\#ChannelRegularConversion,SamplingTime-5\#ChannelRegularConversion,OffsetNumber-5\#ChannelRegularConversion,NbrOfConversion,DMAContinuousRequests,master
ADC1.OffsetNumber-0\#ChannelRegularConversion=ADC_OFFSET_NONE
RCC.HCLK3Freq_Value=32000000
PA9.GPIO_Label=GPIO2
Dma.ADC1.1.RequestNumber=1
PB6.GPIO_PuPd=GPIO_PULLUP
ADC1.OffsetNumber-3\#ChannelRegularConversion=ADC_OFFSET_NONE
VP_IPCC_VS_IPCC.Signal=IPCC_VS_IPCC
ProjectManager.DefaultFWLocation=true
VP_HSEM_VS_HSEM.Signal=HSEM_VS_HSEM
NVIC.IPCC_C1_TX_IRQn=true\:0\:0\:false\:false\:true\:true\:true
ProjectManager.DeletePrevious=true
Dma.USART1_TX.0.Polarity=HAL_DMAMUX_REQ_GEN_RISING
PC14-OSC32_IN.Signal=RCC_OSC32_IN
ADC1.SamplingTime-2\#ChannelRegularConversion=ADC_SAMPLETIME_24CYCLES_5
RCC.FamilyName=M
PB9.GPIOParameters=GPIO_Label
USART1.VirtualMode-Asynchronous=VM_ASYNC
PA13.Signal=SYS_JTMS-SWDIO
PB8.GPIO_Label=GPIO6
PA8.GPIO_Label=GPIO3
NVIC.DMA1_Channel2_IRQn=true\:0\:0\:false\:false\:true\:false\:true
ProjectManager.TargetToolchain=STM32CubeIDE
SH.ADCx_IN7.0=ADC1_IN7,IN7-Single-Ended
STM32_WPAN.LOCAL_NAME_FORMATTED=,'P','W','R','O','N','1'
Dma.USART1_TX.0.SyncEnable=DISABLE
PB7.GPIOParameters=GPIO_Speed,GPIO_PuPd
RCC.HCLKRFFreq_Value=16000000
PA9.Signal=GPIO_Analog
PB2.GPIOParameters=GPIO_Label
ADC1.Channel-1\#ChannelRegularConversion=ADC_CHANNEL_6
STM32_WPAN.CFG_ADV_BD_ADDRESS=0x7257acd87a6c
PB9.Locked=true
Dma.USART1_TX.0.RequestParameters=Instance,Direction,PeriphInc,MemInc,PeriphDataAlignment,MemDataAlignment,Mode,Priority,SignalID,Polarity,RequestNumber,SyncSignalID,SyncPolarity,SyncEnable,EventEnable,SyncRequestNumber
ProjectManager.RegisterCallBack=
OSC_IN.Signal=RCC_OSC_IN
Dma.ADC1.1.Polarity=HAL_DMAMUX_REQ_GEN_RISING
PC15-OSC32_OUT.Signal=RCC_OSC32_OUT
PA1.Signal=ADCx_IN6
PB1.Locked=true
Dma.ADC1.1.SyncRequestNumber=1
PA5.Signal=ADCx_IN10
Dma.USART1_TX.0.Mode=DMA_NORMAL
board=custom
VP_SEQUENCER_VS_SEQUENCER.Mode=SEQUENCER_Enabled
RCC.Cortex2Freq_Value=32000000
RCC.VCOOutputFreq_Value=256000000
ProjectManager.LastFirmware=true
RCC.APB2Freq_Value=32000000
MxCube.Version=6.2.1
PCC.Ble.DataLength=6
VP_TIM2_VS_ClockSourceINT.Mode=Internal
RCC.I2C1Freq_Value=32000000
RCC.RNGFreq_Value=32000
SH.ADCx_IN10.ConfNb=1
Mcu.Pin30=VP_TIM2_VS_ClockSourceINT
RCC.ADCFreq_Value=32000000
PA1.GPIO_Label=ADC2
VP_SYS_VS_Systick.Mode=SysTick
Mcu.Pin31=VP_TINY_LPM_VS_TINY_LPM
PA9.Locked=true
NVIC.NonMaskableInt_IRQn=true\:0\:0\:false\:false\:true\:false\:false
PA4.GPIOParameters=GPIO_Label
Dma.ADC1.1.PeriphInc=DMA_PINC_DISABLE
ADC1.DMAContinuousRequests=ENABLE
TIM2.Period=999
SH.ADCx_IN8.ConfNb=1
ADC1.NbrOfConversion=6
PA13.Mode=Serial_Wire
ADC1.OffsetNumber-2\#ChannelRegularConversion=ADC_OFFSET_NONE
ProjectManager.FreePins=false
RCC.IPParameters=ADCFreq_Value,AHBFreq_Value,APB1Freq_Value,APB1TimFreq_Value,APB2Freq_Value,APB2TimFreq_Value,APB3Freq_Value,Cortex2Freq_Value,CortexFreq_Value,FCLKCortexFreq_Value,FamilyName,HCLK3Freq_Value,HCLKFreq_Value,HCLKRFFreq_Value,HSE_VALUE,HSI48_VALUE,HSI_VALUE,I2C1Freq_Value,LPTIM1Freq_Value,LPTIM2Freq_Value,LSCOPinFreq_Value,LSI_VALUE,MCO1PinFreq_Value,MSIClockRange,PLLPoutputFreq_Value,PLLQoutputFreq_Value,PLLRCLKFreq_Value,PWRFreq_Value,RFWKPClockSelection,RFWKPFreq_Value,RNGFreq_Value,RTCClockSelection,RTCFreq_Value,SYSCLKFreq_VALUE,SYSCLKSource,USART1Freq_Value,VCOInputFreq_Value,VCOOutputFreq_Value
ProjectManager.AskForMigrate=true
VP_IPCC_VS_IPCC.Mode=IPCC_Activate
Mcu.Name=STM32WB30CEUxA
RCC.LPTIM2Freq_Value=32000000
Mcu.Pin26=VP_RTC_VS_RTC_Activate
Mcu.Pin27=VP_SEQUENCER_VS_SEQUENCER
PA2.Signal=ADCx_IN7
Mcu.Pin24=VP_HSEM_VS_HSEM
ProjectManager.UnderRoot=true
Mcu.Pin25=VP_IPCC_VS_IPCC
PB2.Locked=true
Mcu.IP8=SEQUENCER
Mcu.IP9=STM32_WPAN
Mcu.Pin28=VP_STM32_WPAN_VS_BLE_HOST
Mcu.IP6=RF
Mcu.Pin29=VP_SYS_VS_Systick
Mcu.IP7=RTC
ProjectManager.CoupleFile=false
PA4.Signal=ADCx_IN9
ADC1.SamplingTime-1\#ChannelRegularConversion=ADC_SAMPLETIME_24CYCLES_5
RCC.SYSCLKFreq_VALUE=32000000
Mcu.Pin22=PB6
Mcu.Pin23=PB7
PA7.GPIO_Label=GPIO4
Mcu.Pin20=PA13
ADC1.master=1
Mcu.Pin21=PA14
PA5.GPIO_Label=ADC6
ADC1.Rank-3\#ChannelRegularConversion=4
ADC1.SamplingTime-3\#ChannelRegularConversion=ADC_SAMPLETIME_24CYCLES_5
PCC.Ble.ConnectionInterval=1000.0
NVIC.ForceEnableDMAVector=true
KeepUserPlacement=false
OSC_IN.Mode=HSE-External-Oscillator
NVIC.MemoryManagement_IRQn=true\:0\:0\:false\:false\:true\:false\:false
STM32_WPAN.IPParameters=CFG_USE_SMPS,CFG_ADV_BD_ADDRESS,LOCAL_NAME,LOCAL_NAME_FORMATTED
ProjectManager.CompilerOptimize=6
RF1.Mode=RF1_Activate
ADC1.Rank-1\#ChannelRegularConversion=2
PB7.Mode=Asynchronous
Dma.USART1_TX.0.MemDataAlignment=DMA_MDATAALIGN_BYTE
PA14.Signal=SYS_JTCK-SWCLK
SH.ADCx_IN10.0=ADC1_IN10,IN10-Single-Ended
PB2.GPIO_Label=GPIO1
ProjectManager.HeapSize=0x200
Mcu.Pin15=RF1
PA0.GPIOParameters=GPIO_Label
NVIC.HardFault_IRQn=true\:0\:0\:false\:false\:true\:false\:false
Mcu.Pin16=OSC_OUT
Mcu.Pin13=PA9
Mcu.Pin14=PB2
Mcu.Pin19=PB1
ADC1.SamplingTime-5\#ChannelRegularConversion=ADC_SAMPLETIME_24CYCLES_5
ProjectManager.ComputerToolchain=false
Mcu.Pin17=OSC_IN
RCC.HSI_VALUE=16000000
Mcu.Pin18=PB0
SH.ADCx_IN5.0=ADC1_IN5,IN5-Single-Ended
NVIC.PriorityGroup=NVIC_PRIORITYGROUP_4
ADC1.NbrOfConversionFlag=1
Mcu.Pin11=PA7
Mcu.Pin12=PA8
Mcu.Pin10=PA6
PB7.Locked=true
PB8.Signal=GPIO_Analog
TIM2.AutoReloadPreload=TIM_AUTORELOAD_PRELOAD_ENABLE
RCC.PWRFreq_Value=32000000
SH.ADCx_IN5.ConfNb=1
VP_TINY_LPM_VS_TINY_LPM.Signal=TINY_LPM_VS_TINY_LPM
NVIC.DMA1_Channel1_IRQn=true\:0\:0\:false\:false\:true\:false\:true
Dma.ADC1.1.EventEnable=DISABLE
PB6.GPIO_Speed=GPIO_SPEED_FREQ_VERY_HIGH
RCC.APB1Freq_Value=32000000
RCC.RFWKPClockSelection=RCC_RFWKPCLKSOURCE_LSE
PB0.Signal=GPIO_Output
PA7.GPIOParameters=GPIO_Label
ADC1.Rank-5\#ChannelRegularConversion=6
ProjectManager.DeviceId=STM32WB30CEUxA
ProjectManager.LibraryCopy=1
PA3.GPIO_Label=ADC4
PB1.GPIOParameters=GPIO_Label
PA7.Signal=GPIO_Analog
PA6.Locked=true
isbadioc=false
